
Microsoft Visual Studio Solution File, Format Version 12.00
# Visual Studio Version 17
VisualStudioVersion = 17.11.35327.3
MinimumVisualStudioVersion = 10.0.40219.1
Project("{FAE04EC0-301F-11D3-BF4B-00C04F79EFBC}") = "TextToSpeech", "TextToSpeech\TextToSpeech.csproj", "{E8B980B7-E793-40B0-A1B4-3AB16180E569}"
EndProject
Project("{9A19103F-16F7-4668-BE54-9A1E7A4F7556}") = "Tcp", "Tcp\Tcp.csproj", "{283B54C8-9E9F-49EF-96B5-4458C327810B}"
EndProject
Project("{9A19103F-16F7-4668-BE54-9A1E7A4F7556}") = "WebApiGateway", "WebApiGateway\WebApiGateway.csproj", "{64487866-783E-4D42-A826-E1541D9DEDC1}"
EndProject
Project("{9A19103F-16F7-4668-BE54-9A1E7A4F7556}") = "Shared", "Shared\Shared.csproj", "{B0E3ABFF-A026-40F6-BC64-0824CB1697C8}"
EndProject
Project("{9A19103F-16F7-4668-BE54-9A1E7A4F7556}") = "ChatGptClient", "ChatGptClient\ChatGptClient.csproj", "{41A48FC8-ACE6-4693-9EE1-DC574AF56BAF}"
EndProject
Project("{54A90642-561A-4BB1-A94E-469ADEE60C69}") = "WebClient", "WebClient\WebClient.esproj", "{60EC5F8F-FC5D-417B-A1E1-CC6EC716088E}"
EndProject
Project("{2150E333-8FDC-42A3-9474-1A3956D46DE8}") = "Libraries", "Libraries", "{A5E030F3-8663-4F6C-93A4-1969E0371FC2}"
EndProject
Project("{FAE04EC0-301F-11D3-BF4B-00C04F79EFBC}") = "UserChat", "UserChat\UserChat.csproj", "{A77FE6C9-20F4-4F72-8798-4F964B5A4711}"
EndProject
Project("{FAE04EC0-301F-11D3-BF4B-00C04F79EFBC}") = "Repository", "Repository\Repository.csproj", "{AF00DEB9-CD98-47D5-9BCE-2C45DD71EB6B}"
EndProject
Project("{FAE04EC0-301F-11D3-BF4B-00C04F79EFBC}") = "GoogleTextToSpeech", "GoogleTextToSpeech\GoogleTextToSpeech.csproj", "{28570EA7-B7FF-4E61-AA75-30BF741AEADC}"
EndProject
Project("{FAE04EC0-301F-11D3-BF4B-00C04F79EFBC}") = "Playground", "Playground\Playground.csproj", "{186FC0F5-1B88-45C8-B398-048EF1635F15}"
EndProject
Global
	GlobalSection(SolutionConfigurationPlatforms) = preSolution
		Debug|Any CPU = Debug|Any CPU
		Debug|ARM = Debug|ARM
		Debug|ARM64 = Debug|ARM64
		Debug|x64 = Debug|x64
		Debug|x86 = Debug|x86
		Release|Any CPU = Release|Any CPU
		Release|ARM = Release|ARM
		Release|ARM64 = Release|ARM64
		Release|x64 = Release|x64
		Release|x86 = Release|x86
		WebApiAndSpeechApp_NoDebug|Any CPU = WebApiAndSpeechApp_NoDebug|Any CPU
		WebApiAndSpeechApp_NoDebug|ARM = WebApiAndSpeechApp_NoDebug|ARM
		WebApiAndSpeechApp_NoDebug|ARM64 = WebApiAndSpeechApp_NoDebug|ARM64
		WebApiAndSpeechApp_NoDebug|x64 = WebApiAndSpeechApp_NoDebug|x64
		WebApiAndSpeechApp_NoDebug|x86 = WebApiAndSpeechApp_NoDebug|x86
	EndGlobalSection
	GlobalSection(ProjectConfigurationPlatforms) = postSolution
		{E8B980B7-E793-40B0-A1B4-3AB16180E569}.Debug|Any CPU.ActiveCfg = Debug|x64
		{E8B980B7-E793-40B0-A1B4-3AB16180E569}.Debug|Any CPU.Build.0 = Debug|x64
		{E8B980B7-E793-40B0-A1B4-3AB16180E569}.Debug|Any CPU.Deploy.0 = Debug|x64
		{E8B980B7-E793-40B0-A1B4-3AB16180E569}.Debug|ARM.ActiveCfg = Debug|ARM
		{E8B980B7-E793-40B0-A1B4-3AB16180E569}.Debug|ARM.Build.0 = Debug|ARM
		{E8B980B7-E793-40B0-A1B4-3AB16180E569}.Debug|ARM.Deploy.0 = Debug|ARM
		{E8B980B7-E793-40B0-A1B4-3AB16180E569}.Debug|ARM64.ActiveCfg = Debug|ARM64
		{E8B980B7-E793-40B0-A1B4-3AB16180E569}.Debug|ARM64.Build.0 = Debug|ARM64
		{E8B980B7-E793-40B0-A1B4-3AB16180E569}.Debug|ARM64.Deploy.0 = Debug|ARM64
		{E8B980B7-E793-40B0-A1B4-3AB16180E569}.Debug|x64.ActiveCfg = Debug|x64
		{E8B980B7-E793-40B0-A1B4-3AB16180E569}.Debug|x64.Build.0 = Debug|x64
		{E8B980B7-E793-40B0-A1B4-3AB16180E569}.Debug|x64.Deploy.0 = Debug|x64
		{E8B980B7-E793-40B0-A1B4-3AB16180E569}.Debug|x86.ActiveCfg = Debug|x86
		{E8B980B7-E793-40B0-A1B4-3AB16180E569}.Debug|x86.Build.0 = Debug|x86
		{E8B980B7-E793-40B0-A1B4-3AB16180E569}.Debug|x86.Deploy.0 = Debug|x86
		{E8B980B7-E793-40B0-A1B4-3AB16180E569}.Release|Any CPU.ActiveCfg = Release|x64
		{E8B980B7-E793-40B0-A1B4-3AB16180E569}.Release|Any CPU.Build.0 = Release|x64
		{E8B980B7-E793-40B0-A1B4-3AB16180E569}.Release|Any CPU.Deploy.0 = Release|x64
		{E8B980B7-E793-40B0-A1B4-3AB16180E569}.Release|ARM.ActiveCfg = Release|ARM
		{E8B980B7-E793-40B0-A1B4-3AB16180E569}.Release|ARM.Build.0 = Release|ARM
		{E8B980B7-E793-40B0-A1B4-3AB16180E569}.Release|ARM.Deploy.0 = Release|ARM
		{E8B980B7-E793-40B0-A1B4-3AB16180E569}.Release|ARM64.ActiveCfg = Release|ARM64
		{E8B980B7-E793-40B0-A1B4-3AB16180E569}.Release|ARM64.Build.0 = Release|ARM64
		{E8B980B7-E793-40B0-A1B4-3AB16180E569}.Release|ARM64.Deploy.0 = Release|ARM64
		{E8B980B7-E793-40B0-A1B4-3AB16180E569}.Release|x64.ActiveCfg = Release|x64
		{E8B980B7-E793-40B0-A1B4-3AB16180E569}.Release|x64.Build.0 = Release|x64
		{E8B980B7-E793-40B0-A1B4-3AB16180E569}.Release|x64.Deploy.0 = Release|x64
		{E8B980B7-E793-40B0-A1B4-3AB16180E569}.Release|x86.ActiveCfg = Release|x86
		{E8B980B7-E793-40B0-A1B4-3AB16180E569}.Release|x86.Build.0 = Release|x86
		{E8B980B7-E793-40B0-A1B4-3AB16180E569}.Release|x86.Deploy.0 = Release|x86
		{E8B980B7-E793-40B0-A1B4-3AB16180E569}.WebApiAndSpeechApp_NoDebug|Any CPU.ActiveCfg = WebApiAndSpeechApp_NoDebug|x64
		{E8B980B7-E793-40B0-A1B4-3AB16180E569}.WebApiAndSpeechApp_NoDebug|Any CPU.Build.0 = WebApiAndSpeechApp_NoDebug|x64
		{E8B980B7-E793-40B0-A1B4-3AB16180E569}.WebApiAndSpeechApp_NoDebug|Any CPU.Deploy.0 = WebApiAndSpeechApp_NoDebug|x64
		{E8B980B7-E793-40B0-A1B4-3AB16180E569}.WebApiAndSpeechApp_NoDebug|ARM.ActiveCfg = WebApiAndSpeechApp_NoDebug|ARM
		{E8B980B7-E793-40B0-A1B4-3AB16180E569}.WebApiAndSpeechApp_NoDebug|ARM.Build.0 = WebApiAndSpeechApp_NoDebug|ARM
		{E8B980B7-E793-40B0-A1B4-3AB16180E569}.WebApiAndSpeechApp_NoDebug|ARM.Deploy.0 = WebApiAndSpeechApp_NoDebug|ARM
		{E8B980B7-E793-40B0-A1B4-3AB16180E569}.WebApiAndSpeechApp_NoDebug|ARM64.ActiveCfg = WebApiAndSpeechApp_NoDebug|ARM64
		{E8B980B7-E793-40B0-A1B4-3AB16180E569}.WebApiAndSpeechApp_NoDebug|ARM64.Build.0 = WebApiAndSpeechApp_NoDebug|ARM64
		{E8B980B7-E793-40B0-A1B4-3AB16180E569}.WebApiAndSpeechApp_NoDebug|ARM64.Deploy.0 = WebApiAndSpeechApp_NoDebug|ARM64
		{E8B980B7-E793-40B0-A1B4-3AB16180E569}.WebApiAndSpeechApp_NoDebug|x64.ActiveCfg = WebApiAndSpeechApp_NoDebug|x64
		{E8B980B7-E793-40B0-A1B4-3AB16180E569}.WebApiAndSpeechApp_NoDebug|x64.Build.0 = WebApiAndSpeechApp_NoDebug|x64
		{E8B980B7-E793-40B0-A1B4-3AB16180E569}.WebApiAndSpeechApp_NoDebug|x86.ActiveCfg = WebApiAndSpeechApp_NoDebug|x64
		{E8B980B7-E793-40B0-A1B4-3AB16180E569}.WebApiAndSpeechApp_NoDebug|x86.Build.0 = WebApiAndSpeechApp_NoDebug|x64
		{E8B980B7-E793-40B0-A1B4-3AB16180E569}.WebApiAndSpeechApp_NoDebug|x86.Deploy.0 = WebApiAndSpeechApp_NoDebug|x64
		{283B54C8-9E9F-49EF-96B5-4458C327810B}.Debug|Any CPU.ActiveCfg = Debug|Any CPU
		{283B54C8-9E9F-49EF-96B5-4458C327810B}.Debug|Any CPU.Build.0 = Debug|Any CPU
		{283B54C8-9E9F-49EF-96B5-4458C327810B}.Debug|ARM.ActiveCfg = Debug|Any CPU
		{283B54C8-9E9F-49EF-96B5-4458C327810B}.Debug|ARM.Build.0 = Debug|Any CPU
		{283B54C8-9E9F-49EF-96B5-4458C327810B}.Debug|ARM64.ActiveCfg = Debug|Any CPU
		{283B54C8-9E9F-49EF-96B5-4458C327810B}.Debug|ARM64.Build.0 = Debug|Any CPU
		{283B54C8-9E9F-49EF-96B5-4458C327810B}.Debug|x64.ActiveCfg = Debug|Any CPU
		{283B54C8-9E9F-49EF-96B5-4458C327810B}.Debug|x64.Build.0 = Debug|Any CPU
		{283B54C8-9E9F-49EF-96B5-4458C327810B}.Debug|x86.ActiveCfg = Debug|Any CPU
		{283B54C8-9E9F-49EF-96B5-4458C327810B}.Debug|x86.Build.0 = Debug|Any CPU
		{283B54C8-9E9F-49EF-96B5-4458C327810B}.Release|Any CPU.ActiveCfg = Release|Any CPU
		{283B54C8-9E9F-49EF-96B5-4458C327810B}.Release|Any CPU.Build.0 = Release|Any CPU
		{283B54C8-9E9F-49EF-96B5-4458C327810B}.Release|ARM.ActiveCfg = Release|Any CPU
		{283B54C8-9E9F-49EF-96B5-4458C327810B}.Release|ARM.Build.0 = Release|Any CPU
		{283B54C8-9E9F-49EF-96B5-4458C327810B}.Release|ARM64.ActiveCfg = Release|Any CPU
		{283B54C8-9E9F-49EF-96B5-4458C327810B}.Release|ARM64.Build.0 = Release|Any CPU
		{283B54C8-9E9F-49EF-96B5-4458C327810B}.Release|x64.ActiveCfg = Release|Any CPU
		{283B54C8-9E9F-49EF-96B5-4458C327810B}.Release|x64.Build.0 = Release|Any CPU
		{283B54C8-9E9F-49EF-96B5-4458C327810B}.Release|x86.ActiveCfg = Release|Any CPU
		{283B54C8-9E9F-49EF-96B5-4458C327810B}.Release|x86.Build.0 = Release|Any CPU
		{283B54C8-9E9F-49EF-96B5-4458C327810B}.WebApiAndSpeechApp_NoDebug|Any CPU.ActiveCfg = WebApiAndSpeechApp_NoDebug|Any CPU
		{283B54C8-9E9F-49EF-96B5-4458C327810B}.WebApiAndSpeechApp_NoDebug|Any CPU.Build.0 = WebApiAndSpeechApp_NoDebug|Any CPU
		{283B54C8-9E9F-49EF-96B5-4458C327810B}.WebApiAndSpeechApp_NoDebug|ARM.ActiveCfg = WebApiAndSpeechApp_NoDebug|Any CPU
		{283B54C8-9E9F-49EF-96B5-4458C327810B}.WebApiAndSpeechApp_NoDebug|ARM.Build.0 = WebApiAndSpeechApp_NoDebug|Any CPU
		{283B54C8-9E9F-49EF-96B5-4458C327810B}.WebApiAndSpeechApp_NoDebug|ARM64.ActiveCfg = WebApiAndSpeechApp_NoDebug|Any CPU
		{283B54C8-9E9F-49EF-96B5-4458C327810B}.WebApiAndSpeechApp_NoDebug|ARM64.Build.0 = WebApiAndSpeechApp_NoDebug|Any CPU
		{283B54C8-9E9F-49EF-96B5-4458C327810B}.WebApiAndSpeechApp_NoDebug|x64.ActiveCfg = WebApiAndSpeechApp_NoDebug|Any CPU
		{283B54C8-9E9F-49EF-96B5-4458C327810B}.WebApiAndSpeechApp_NoDebug|x64.Build.0 = WebApiAndSpeechApp_NoDebug|Any CPU
		{283B54C8-9E9F-49EF-96B5-4458C327810B}.WebApiAndSpeechApp_NoDebug|x86.ActiveCfg = WebApiAndSpeechApp_NoDebug|Any CPU
		{283B54C8-9E9F-49EF-96B5-4458C327810B}.WebApiAndSpeechApp_NoDebug|x86.Build.0 = WebApiAndSpeechApp_NoDebug|Any CPU
		{64487866-783E-4D42-A826-E1541D9DEDC1}.Debug|Any CPU.ActiveCfg = Debug|Any CPU
		{64487866-783E-4D42-A826-E1541D9DEDC1}.Debug|Any CPU.Build.0 = Debug|Any CPU
		{64487866-783E-4D42-A826-E1541D9DEDC1}.Debug|ARM.ActiveCfg = Debug|Any CPU
		{64487866-783E-4D42-A826-E1541D9DEDC1}.Debug|ARM.Build.0 = Debug|Any CPU
		{64487866-783E-4D42-A826-E1541D9DEDC1}.Debug|ARM64.ActiveCfg = Debug|Any CPU
		{64487866-783E-4D42-A826-E1541D9DEDC1}.Debug|ARM64.Build.0 = Debug|Any CPU
		{64487866-783E-4D42-A826-E1541D9DEDC1}.Debug|x64.ActiveCfg = Debug|Any CPU
		{64487866-783E-4D42-A826-E1541D9DEDC1}.Debug|x64.Build.0 = Debug|Any CPU
		{64487866-783E-4D42-A826-E1541D9DEDC1}.Debug|x86.ActiveCfg = Debug|Any CPU
		{64487866-783E-4D42-A826-E1541D9DEDC1}.Debug|x86.Build.0 = Debug|Any CPU
		{64487866-783E-4D42-A826-E1541D9DEDC1}.Release|Any CPU.ActiveCfg = Release|Any CPU
		{64487866-783E-4D42-A826-E1541D9DEDC1}.Release|Any CPU.Build.0 = Release|Any CPU
		{64487866-783E-4D42-A826-E1541D9DEDC1}.Release|ARM.ActiveCfg = Release|Any CPU
		{64487866-783E-4D42-A826-E1541D9DEDC1}.Release|ARM.Build.0 = Release|Any CPU
		{64487866-783E-4D42-A826-E1541D9DEDC1}.Release|ARM64.ActiveCfg = Release|Any CPU
		{64487866-783E-4D42-A826-E1541D9DEDC1}.Release|ARM64.Build.0 = Release|Any CPU
		{64487866-783E-4D42-A826-E1541D9DEDC1}.Release|x64.ActiveCfg = Release|Any CPU
		{64487866-783E-4D42-A826-E1541D9DEDC1}.Release|x64.Build.0 = Release|Any CPU
		{64487866-783E-4D42-A826-E1541D9DEDC1}.Release|x86.ActiveCfg = Release|Any CPU
		{64487866-783E-4D42-A826-E1541D9DEDC1}.Release|x86.Build.0 = Release|Any CPU
		{64487866-783E-4D42-A826-E1541D9DEDC1}.WebApiAndSpeechApp_NoDebug|Any CPU.ActiveCfg = Debug|Any CPU
		{64487866-783E-4D42-A826-E1541D9DEDC1}.WebApiAndSpeechApp_NoDebug|Any CPU.Build.0 = Debug|Any CPU
		{64487866-783E-4D42-A826-E1541D9DEDC1}.WebApiAndSpeechApp_NoDebug|ARM.ActiveCfg = Debug|Any CPU
		{64487866-783E-4D42-A826-E1541D9DEDC1}.WebApiAndSpeechApp_NoDebug|ARM.Build.0 = Debug|Any CPU
		{64487866-783E-4D42-A826-E1541D9DEDC1}.WebApiAndSpeechApp_NoDebug|ARM64.ActiveCfg = Debug|Any CPU
		{64487866-783E-4D42-A826-E1541D9DEDC1}.WebApiAndSpeechApp_NoDebug|ARM64.Build.0 = Debug|Any CPU
		{64487866-783E-4D42-A826-E1541D9DEDC1}.WebApiAndSpeechApp_NoDebug|x64.ActiveCfg = Debug|Any CPU
		{64487866-783E-4D42-A826-E1541D9DEDC1}.WebApiAndSpeechApp_NoDebug|x64.Build.0 = Debug|Any CPU
		{64487866-783E-4D42-A826-E1541D9DEDC1}.WebApiAndSpeechApp_NoDebug|x86.ActiveCfg = Debug|Any CPU
		{64487866-783E-4D42-A826-E1541D9DEDC1}.WebApiAndSpeechApp_NoDebug|x86.Build.0 = Debug|Any CPU
		{B0E3ABFF-A026-40F6-BC64-0824CB1697C8}.Debug|Any CPU.ActiveCfg = Debug|Any CPU
		{B0E3ABFF-A026-40F6-BC64-0824CB1697C8}.Debug|Any CPU.Build.0 = Debug|Any CPU
		{B0E3ABFF-A026-40F6-BC64-0824CB1697C8}.Debug|ARM.ActiveCfg = Debug|Any CPU
		{B0E3ABFF-A026-40F6-BC64-0824CB1697C8}.Debug|ARM.Build.0 = Debug|Any CPU
		{B0E3ABFF-A026-40F6-BC64-0824CB1697C8}.Debug|ARM64.ActiveCfg = Debug|Any CPU
		{B0E3ABFF-A026-40F6-BC64-0824CB1697C8}.Debug|ARM64.Build.0 = Debug|Any CPU
		{B0E3ABFF-A026-40F6-BC64-0824CB1697C8}.Debug|x64.ActiveCfg = Debug|Any CPU
		{B0E3ABFF-A026-40F6-BC64-0824CB1697C8}.Debug|x64.Build.0 = Debug|Any CPU
		{B0E3ABFF-A026-40F6-BC64-0824CB1697C8}.Debug|x86.ActiveCfg = Debug|Any CPU
		{B0E3ABFF-A026-40F6-BC64-0824CB1697C8}.Debug|x86.Build.0 = Debug|Any CPU
		{B0E3ABFF-A026-40F6-BC64-0824CB1697C8}.Release|Any CPU.ActiveCfg = Release|Any CPU
		{B0E3ABFF-A026-40F6-BC64-0824CB1697C8}.Release|Any CPU.Build.0 = Release|Any CPU
		{B0E3ABFF-A026-40F6-BC64-0824CB1697C8}.Release|ARM.ActiveCfg = Release|Any CPU
		{B0E3ABFF-A026-40F6-BC64-0824CB1697C8}.Release|ARM.Build.0 = Release|Any CPU
		{B0E3ABFF-A026-40F6-BC64-0824CB1697C8}.Release|ARM64.ActiveCfg = Release|Any CPU
		{B0E3ABFF-A026-40F6-BC64-0824CB1697C8}.Release|ARM64.Build.0 = Release|Any CPU
		{B0E3ABFF-A026-40F6-BC64-0824CB1697C8}.Release|x64.ActiveCfg = Release|Any CPU
		{B0E3ABFF-A026-40F6-BC64-0824CB1697C8}.Release|x64.Build.0 = Release|Any CPU
		{B0E3ABFF-A026-40F6-BC64-0824CB1697C8}.Release|x86.ActiveCfg = Release|Any CPU
		{B0E3ABFF-A026-40F6-BC64-0824CB1697C8}.Release|x86.Build.0 = Release|Any CPU
		{B0E3ABFF-A026-40F6-BC64-0824CB1697C8}.WebApiAndSpeechApp_NoDebug|Any CPU.ActiveCfg = Debug|Any CPU
		{B0E3ABFF-A026-40F6-BC64-0824CB1697C8}.WebApiAndSpeechApp_NoDebug|Any CPU.Build.0 = Debug|Any CPU
		{B0E3ABFF-A026-40F6-BC64-0824CB1697C8}.WebApiAndSpeechApp_NoDebug|ARM.ActiveCfg = Debug|Any CPU
		{B0E3ABFF-A026-40F6-BC64-0824CB1697C8}.WebApiAndSpeechApp_NoDebug|ARM.Build.0 = Debug|Any CPU
		{B0E3ABFF-A026-40F6-BC64-0824CB1697C8}.WebApiAndSpeechApp_NoDebug|ARM64.ActiveCfg = Debug|Any CPU
		{B0E3ABFF-A026-40F6-BC64-0824CB1697C8}.WebApiAndSpeechApp_NoDebug|ARM64.Build.0 = Debug|Any CPU
		{B0E3ABFF-A026-40F6-BC64-0824CB1697C8}.WebApiAndSpeechApp_NoDebug|x64.ActiveCfg = Debug|Any CPU
		{B0E3ABFF-A026-40F6-BC64-0824CB1697C8}.WebApiAndSpeechApp_NoDebug|x64.Build.0 = Debug|Any CPU
		{B0E3ABFF-A026-40F6-BC64-0824CB1697C8}.WebApiAndSpeechApp_NoDebug|x86.ActiveCfg = Debug|Any CPU
		{B0E3ABFF-A026-40F6-BC64-0824CB1697C8}.WebApiAndSpeechApp_NoDebug|x86.Build.0 = Debug|Any CPU
		{41A48FC8-ACE6-4693-9EE1-DC574AF56BAF}.Debug|Any CPU.ActiveCfg = Debug|Any CPU
		{41A48FC8-ACE6-4693-9EE1-DC574AF56BAF}.Debug|Any CPU.Build.0 = Debug|Any CPU
		{41A48FC8-ACE6-4693-9EE1-DC574AF56BAF}.Debug|ARM.ActiveCfg = Debug|Any CPU
		{41A48FC8-ACE6-4693-9EE1-DC574AF56BAF}.Debug|ARM.Build.0 = Debug|Any CPU
		{41A48FC8-ACE6-4693-9EE1-DC574AF56BAF}.Debug|ARM64.ActiveCfg = Debug|Any CPU
		{41A48FC8-ACE6-4693-9EE1-DC574AF56BAF}.Debug|ARM64.Build.0 = Debug|Any CPU
		{41A48FC8-ACE6-4693-9EE1-DC574AF56BAF}.Debug|x64.ActiveCfg = Debug|Any CPU
		{41A48FC8-ACE6-4693-9EE1-DC574AF56BAF}.Debug|x64.Build.0 = Debug|Any CPU
		{41A48FC8-ACE6-4693-9EE1-DC574AF56BAF}.Debug|x86.ActiveCfg = Debug|Any CPU
		{41A48FC8-ACE6-4693-9EE1-DC574AF56BAF}.Debug|x86.Build.0 = Debug|Any CPU
		{41A48FC8-ACE6-4693-9EE1-DC574AF56BAF}.Release|Any CPU.ActiveCfg = Release|Any CPU
		{41A48FC8-ACE6-4693-9EE1-DC574AF56BAF}.Release|Any CPU.Build.0 = Release|Any CPU
		{41A48FC8-ACE6-4693-9EE1-DC574AF56BAF}.Release|ARM.ActiveCfg = Release|Any CPU
		{41A48FC8-ACE6-4693-9EE1-DC574AF56BAF}.Release|ARM.Build.0 = Release|Any CPU
		{41A48FC8-ACE6-4693-9EE1-DC574AF56BAF}.Release|ARM64.ActiveCfg = Release|Any CPU
		{41A48FC8-ACE6-4693-9EE1-DC574AF56BAF}.Release|ARM64.Build.0 = Release|Any CPU
		{41A48FC8-ACE6-4693-9EE1-DC574AF56BAF}.Release|x64.ActiveCfg = Release|Any CPU
		{41A48FC8-ACE6-4693-9EE1-DC574AF56BAF}.Release|x64.Build.0 = Release|Any CPU
		{41A48FC8-ACE6-4693-9EE1-DC574AF56BAF}.Release|x86.ActiveCfg = Release|Any CPU
		{41A48FC8-ACE6-4693-9EE1-DC574AF56BAF}.Release|x86.Build.0 = Release|Any CPU
		{41A48FC8-ACE6-4693-9EE1-DC574AF56BAF}.WebApiAndSpeechApp_NoDebug|Any CPU.ActiveCfg = Debug|Any CPU
		{41A48FC8-ACE6-4693-9EE1-DC574AF56BAF}.WebApiAndSpeechApp_NoDebug|Any CPU.Build.0 = Debug|Any CPU
		{41A48FC8-ACE6-4693-9EE1-DC574AF56BAF}.WebApiAndSpeechApp_NoDebug|ARM.ActiveCfg = Debug|Any CPU
		{41A48FC8-ACE6-4693-9EE1-DC574AF56BAF}.WebApiAndSpeechApp_NoDebug|ARM.Build.0 = Debug|Any CPU
		{41A48FC8-ACE6-4693-9EE1-DC574AF56BAF}.WebApiAndSpeechApp_NoDebug|ARM64.ActiveCfg = Debug|Any CPU
		{41A48FC8-ACE6-4693-9EE1-DC574AF56BAF}.WebApiAndSpeechApp_NoDebug|ARM64.Build.0 = Debug|Any CPU
		{41A48FC8-ACE6-4693-9EE1-DC574AF56BAF}.WebApiAndSpeechApp_NoDebug|x64.ActiveCfg = Debug|Any CPU
		{41A48FC8-ACE6-4693-9EE1-DC574AF56BAF}.WebApiAndSpeechApp_NoDebug|x64.Build.0 = Debug|Any CPU
		{41A48FC8-ACE6-4693-9EE1-DC574AF56BAF}.WebApiAndSpeechApp_NoDebug|x86.ActiveCfg = Debug|Any CPU
		{41A48FC8-ACE6-4693-9EE1-DC574AF56BAF}.WebApiAndSpeechApp_NoDebug|x86.Build.0 = Debug|Any CPU
		{60EC5F8F-FC5D-417B-A1E1-CC6EC716088E}.Debug|Any CPU.ActiveCfg = Debug|Any CPU
		{60EC5F8F-FC5D-417B-A1E1-CC6EC716088E}.Debug|Any CPU.Build.0 = Debug|Any CPU
		{60EC5F8F-FC5D-417B-A1E1-CC6EC716088E}.Debug|Any CPU.Deploy.0 = Debug|Any CPU
		{60EC5F8F-FC5D-417B-A1E1-CC6EC716088E}.Debug|ARM.ActiveCfg = Debug|Any CPU
		{60EC5F8F-FC5D-417B-A1E1-CC6EC716088E}.Debug|ARM.Build.0 = Debug|Any CPU
		{60EC5F8F-FC5D-417B-A1E1-CC6EC716088E}.Debug|ARM.Deploy.0 = Debug|Any CPU
		{60EC5F8F-FC5D-417B-A1E1-CC6EC716088E}.Debug|ARM64.ActiveCfg = Debug|Any CPU
		{60EC5F8F-FC5D-417B-A1E1-CC6EC716088E}.Debug|ARM64.Build.0 = Debug|Any CPU
		{60EC5F8F-FC5D-417B-A1E1-CC6EC716088E}.Debug|ARM64.Deploy.0 = Debug|Any CPU
		{60EC5F8F-FC5D-417B-A1E1-CC6EC716088E}.Debug|x64.ActiveCfg = Debug|Any CPU
		{60EC5F8F-FC5D-417B-A1E1-CC6EC716088E}.Debug|x64.Build.0 = Debug|Any CPU
		{60EC5F8F-FC5D-417B-A1E1-CC6EC716088E}.Debug|x64.Deploy.0 = Debug|Any CPU
		{60EC5F8F-FC5D-417B-A1E1-CC6EC716088E}.Debug|x86.ActiveCfg = Debug|Any CPU
		{60EC5F8F-FC5D-417B-A1E1-CC6EC716088E}.Debug|x86.Build.0 = Debug|Any CPU
		{60EC5F8F-FC5D-417B-A1E1-CC6EC716088E}.Debug|x86.Deploy.0 = Debug|Any CPU
		{60EC5F8F-FC5D-417B-A1E1-CC6EC716088E}.Release|Any CPU.ActiveCfg = Release|Any CPU
		{60EC5F8F-FC5D-417B-A1E1-CC6EC716088E}.Release|Any CPU.Build.0 = Release|Any CPU
		{60EC5F8F-FC5D-417B-A1E1-CC6EC716088E}.Release|Any CPU.Deploy.0 = Release|Any CPU
		{60EC5F8F-FC5D-417B-A1E1-CC6EC716088E}.Release|ARM.ActiveCfg = Release|Any CPU
		{60EC5F8F-FC5D-417B-A1E1-CC6EC716088E}.Release|ARM.Build.0 = Release|Any CPU
		{60EC5F8F-FC5D-417B-A1E1-CC6EC716088E}.Release|ARM.Deploy.0 = Release|Any CPU
		{60EC5F8F-FC5D-417B-A1E1-CC6EC716088E}.Release|ARM64.ActiveCfg = Release|Any CPU
		{60EC5F8F-FC5D-417B-A1E1-CC6EC716088E}.Release|ARM64.Build.0 = Release|Any CPU
		{60EC5F8F-FC5D-417B-A1E1-CC6EC716088E}.Release|ARM64.Deploy.0 = Release|Any CPU
		{60EC5F8F-FC5D-417B-A1E1-CC6EC716088E}.Release|x64.ActiveCfg = Release|Any CPU
		{60EC5F8F-FC5D-417B-A1E1-CC6EC716088E}.Release|x64.Build.0 = Release|Any CPU
		{60EC5F8F-FC5D-417B-A1E1-CC6EC716088E}.Release|x64.Deploy.0 = Release|Any CPU
		{60EC5F8F-FC5D-417B-A1E1-CC6EC716088E}.Release|x86.ActiveCfg = Release|Any CPU
		{60EC5F8F-FC5D-417B-A1E1-CC6EC716088E}.Release|x86.Build.0 = Release|Any CPU
		{60EC5F8F-FC5D-417B-A1E1-CC6EC716088E}.Release|x86.Deploy.0 = Release|Any CPU
		{60EC5F8F-FC5D-417B-A1E1-CC6EC716088E}.WebApiAndSpeechApp_NoDebug|Any CPU.ActiveCfg = WebApiAndSpeechApp_NoDebug|Any CPU
		{60EC5F8F-FC5D-417B-A1E1-CC6EC716088E}.WebApiAndSpeechApp_NoDebug|Any CPU.Build.0 = WebApiAndSpeechApp_NoDebug|Any CPU
		{60EC5F8F-FC5D-417B-A1E1-CC6EC716088E}.WebApiAndSpeechApp_NoDebug|Any CPU.Deploy.0 = WebApiAndSpeechApp_NoDebug|Any CPU
		{60EC5F8F-FC5D-417B-A1E1-CC6EC716088E}.WebApiAndSpeechApp_NoDebug|ARM.ActiveCfg = WebApiAndSpeechApp_NoDebug|Any CPU
		{60EC5F8F-FC5D-417B-A1E1-CC6EC716088E}.WebApiAndSpeechApp_NoDebug|ARM.Build.0 = WebApiAndSpeechApp_NoDebug|Any CPU
		{60EC5F8F-FC5D-417B-A1E1-CC6EC716088E}.WebApiAndSpeechApp_NoDebug|ARM.Deploy.0 = WebApiAndSpeechApp_NoDebug|Any CPU
		{60EC5F8F-FC5D-417B-A1E1-CC6EC716088E}.WebApiAndSpeechApp_NoDebug|ARM64.ActiveCfg = WebApiAndSpeechApp_NoDebug|Any CPU
		{60EC5F8F-FC5D-417B-A1E1-CC6EC716088E}.WebApiAndSpeechApp_NoDebug|ARM64.Build.0 = WebApiAndSpeechApp_NoDebug|Any CPU
		{60EC5F8F-FC5D-417B-A1E1-CC6EC716088E}.WebApiAndSpeechApp_NoDebug|ARM64.Deploy.0 = WebApiAndSpeechApp_NoDebug|Any CPU
		{60EC5F8F-FC5D-417B-A1E1-CC6EC716088E}.WebApiAndSpeechApp_NoDebug|x64.ActiveCfg = WebApiAndSpeechApp_NoDebug|Any CPU
		{60EC5F8F-FC5D-417B-A1E1-CC6EC716088E}.WebApiAndSpeechApp_NoDebug|x86.ActiveCfg = WebApiAndSpeechApp_NoDebug|Any CPU
		{60EC5F8F-FC5D-417B-A1E1-CC6EC716088E}.WebApiAndSpeechApp_NoDebug|x86.Build.0 = WebApiAndSpeechApp_NoDebug|Any CPU
		{60EC5F8F-FC5D-417B-A1E1-CC6EC716088E}.WebApiAndSpeechApp_NoDebug|x86.Deploy.0 = WebApiAndSpeechApp_NoDebug|Any CPU
		{A77FE6C9-20F4-4F72-8798-4F964B5A4711}.Debug|Any CPU.ActiveCfg = Debug|Any CPU
		{A77FE6C9-20F4-4F72-8798-4F964B5A4711}.Debug|Any CPU.Build.0 = Debug|Any CPU
		{A77FE6C9-20F4-4F72-8798-4F964B5A4711}.Debug|ARM.ActiveCfg = Debug|Any CPU
		{A77FE6C9-20F4-4F72-8798-4F964B5A4711}.Debug|ARM.Build.0 = Debug|Any CPU
		{A77FE6C9-20F4-4F72-8798-4F964B5A4711}.Debug|ARM64.ActiveCfg = Debug|Any CPU
		{A77FE6C9-20F4-4F72-8798-4F964B5A4711}.Debug|ARM64.Build.0 = Debug|Any CPU
		{A77FE6C9-20F4-4F72-8798-4F964B5A4711}.Debug|x64.ActiveCfg = Debug|Any CPU
		{A77FE6C9-20F4-4F72-8798-4F964B5A4711}.Debug|x64.Build.0 = Debug|Any CPU
		{A77FE6C9-20F4-4F72-8798-4F964B5A4711}.Debug|x86.ActiveCfg = Debug|Any CPU
		{A77FE6C9-20F4-4F72-8798-4F964B5A4711}.Debug|x86.Build.0 = Debug|Any CPU
		{A77FE6C9-20F4-4F72-8798-4F964B5A4711}.Release|Any CPU.ActiveCfg = Release|Any CPU
		{A77FE6C9-20F4-4F72-8798-4F964B5A4711}.Release|Any CPU.Build.0 = Release|Any CPU
		{A77FE6C9-20F4-4F72-8798-4F964B5A4711}.Release|ARM.ActiveCfg = Release|Any CPU
		{A77FE6C9-20F4-4F72-8798-4F964B5A4711}.Release|ARM.Build.0 = Release|Any CPU
		{A77FE6C9-20F4-4F72-8798-4F964B5A4711}.Release|ARM64.ActiveCfg = Release|Any CPU
		{A77FE6C9-20F4-4F72-8798-4F964B5A4711}.Release|ARM64.Build.0 = Release|Any CPU
		{A77FE6C9-20F4-4F72-8798-4F964B5A4711}.Release|x64.ActiveCfg = Release|Any CPU
		{A77FE6C9-20F4-4F72-8798-4F964B5A4711}.Release|x64.Build.0 = Release|Any CPU
		{A77FE6C9-20F4-4F72-8798-4F964B5A4711}.Release|x86.ActiveCfg = Release|Any CPU
		{A77FE6C9-20F4-4F72-8798-4F964B5A4711}.Release|x86.Build.0 = Release|Any CPU
		{A77FE6C9-20F4-4F72-8798-4F964B5A4711}.WebApiAndSpeechApp_NoDebug|Any CPU.ActiveCfg = Debug|Any CPU
		{A77FE6C9-20F4-4F72-8798-4F964B5A4711}.WebApiAndSpeechApp_NoDebug|Any CPU.Build.0 = Debug|Any CPU
		{A77FE6C9-20F4-4F72-8798-4F964B5A4711}.WebApiAndSpeechApp_NoDebug|ARM.ActiveCfg = Debug|Any CPU
		{A77FE6C9-20F4-4F72-8798-4F964B5A4711}.WebApiAndSpeechApp_NoDebug|ARM.Build.0 = Debug|Any CPU
		{A77FE6C9-20F4-4F72-8798-4F964B5A4711}.WebApiAndSpeechApp_NoDebug|ARM64.ActiveCfg = Debug|Any CPU
		{A77FE6C9-20F4-4F72-8798-4F964B5A4711}.WebApiAndSpeechApp_NoDebug|ARM64.Build.0 = Debug|Any CPU
		{A77FE6C9-20F4-4F72-8798-4F964B5A4711}.WebApiAndSpeechApp_NoDebug|x64.ActiveCfg = Debug|Any CPU
		{A77FE6C9-20F4-4F72-8798-4F964B5A4711}.WebApiAndSpeechApp_NoDebug|x64.Build.0 = Debug|Any CPU
		{A77FE6C9-20F4-4F72-8798-4F964B5A4711}.WebApiAndSpeechApp_NoDebug|x86.ActiveCfg = Debug|Any CPU
		{A77FE6C9-20F4-4F72-8798-4F964B5A4711}.WebApiAndSpeechApp_NoDebug|x86.Build.0 = Debug|Any CPU
		{AF00DEB9-CD98-47D5-9BCE-2C45DD71EB6B}.Debug|Any CPU.ActiveCfg = Debug|Any CPU
		{AF00DEB9-CD98-47D5-9BCE-2C45DD71EB6B}.Debug|Any CPU.Build.0 = Debug|Any CPU
		{AF00DEB9-CD98-47D5-9BCE-2C45DD71EB6B}.Debug|ARM.ActiveCfg = Debug|Any CPU
		{AF00DEB9-CD98-47D5-9BCE-2C45DD71EB6B}.Debug|ARM.Build.0 = Debug|Any CPU
		{AF00DEB9-CD98-47D5-9BCE-2C45DD71EB6B}.Debug|ARM64.ActiveCfg = Debug|Any CPU
		{AF00DEB9-CD98-47D5-9BCE-2C45DD71EB6B}.Debug|ARM64.Build.0 = Debug|Any CPU
		{AF00DEB9-CD98-47D5-9BCE-2C45DD71EB6B}.Debug|x64.ActiveCfg = Debug|Any CPU
		{AF00DEB9-CD98-47D5-9BCE-2C45DD71EB6B}.Debug|x64.Build.0 = Debug|Any CPU
		{AF00DEB9-CD98-47D5-9BCE-2C45DD71EB6B}.Debug|x86.ActiveCfg = Debug|Any CPU
		{AF00DEB9-CD98-47D5-9BCE-2C45DD71EB6B}.Debug|x86.Build.0 = Debug|Any CPU
		{AF00DEB9-CD98-47D5-9BCE-2C45DD71EB6B}.Release|Any CPU.ActiveCfg = Release|Any CPU
		{AF00DEB9-CD98-47D5-9BCE-2C45DD71EB6B}.Release|Any CPU.Build.0 = Release|Any CPU
		{AF00DEB9-CD98-47D5-9BCE-2C45DD71EB6B}.Release|ARM.ActiveCfg = Release|Any CPU
		{AF00DEB9-CD98-47D5-9BCE-2C45DD71EB6B}.Release|ARM.Build.0 = Release|Any CPU
		{AF00DEB9-CD98-47D5-9BCE-2C45DD71EB6B}.Release|ARM64.ActiveCfg = Release|Any CPU
		{AF00DEB9-CD98-47D5-9BCE-2C45DD71EB6B}.Release|ARM64.Build.0 = Release|Any CPU
		{AF00DEB9-CD98-47D5-9BCE-2C45DD71EB6B}.Release|x64.ActiveCfg = Release|Any CPU
		{AF00DEB9-CD98-47D5-9BCE-2C45DD71EB6B}.Release|x64.Build.0 = Release|Any CPU
		{AF00DEB9-CD98-47D5-9BCE-2C45DD71EB6B}.Release|x86.ActiveCfg = Release|Any CPU
		{AF00DEB9-CD98-47D5-9BCE-2C45DD71EB6B}.Release|x86.Build.0 = Release|Any CPU
		{AF00DEB9-CD98-47D5-9BCE-2C45DD71EB6B}.WebApiAndSpeechApp_NoDebug|Any CPU.ActiveCfg = Debug|Any CPU
		{AF00DEB9-CD98-47D5-9BCE-2C45DD71EB6B}.WebApiAndSpeechApp_NoDebug|Any CPU.Build.0 = Debug|Any CPU
		{AF00DEB9-CD98-47D5-9BCE-2C45DD71EB6B}.WebApiAndSpeechApp_NoDebug|ARM.ActiveCfg = Debug|Any CPU
		{AF00DEB9-CD98-47D5-9BCE-2C45DD71EB6B}.WebApiAndSpeechApp_NoDebug|ARM.Build.0 = Debug|Any CPU
		{AF00DEB9-CD98-47D5-9BCE-2C45DD71EB6B}.WebApiAndSpeechApp_NoDebug|ARM64.ActiveCfg = Debug|Any CPU
		{AF00DEB9-CD98-47D5-9BCE-2C45DD71EB6B}.WebApiAndSpeechApp_NoDebug|ARM64.Build.0 = Debug|Any CPU
		{AF00DEB9-CD98-47D5-9BCE-2C45DD71EB6B}.WebApiAndSpeechApp_NoDebug|x64.ActiveCfg = Debug|Any CPU
		{AF00DEB9-CD98-47D5-9BCE-2C45DD71EB6B}.WebApiAndSpeechApp_NoDebug|x64.Build.0 = Debug|Any CPU
		{AF00DEB9-CD98-47D5-9BCE-2C45DD71EB6B}.WebApiAndSpeechApp_NoDebug|x86.ActiveCfg = Debug|Any CPU
		{AF00DEB9-CD98-47D5-9BCE-2C45DD71EB6B}.WebApiAndSpeechApp_NoDebug|x86.Build.0 = Debug|Any CPU
		{28570EA7-B7FF-4E61-AA75-30BF741AEADC}.Debug|Any CPU.ActiveCfg = Debug|Any CPU
		{28570EA7-B7FF-4E61-AA75-30BF741AEADC}.Debug|Any CPU.Build.0 = Debug|Any CPU
		{28570EA7-B7FF-4E61-AA75-30BF741AEADC}.Debug|ARM.ActiveCfg = Debug|Any CPU
		{28570EA7-B7FF-4E61-AA75-30BF741AEADC}.Debug|ARM.Build.0 = Debug|Any CPU
		{28570EA7-B7FF-4E61-AA75-30BF741AEADC}.Debug|ARM64.ActiveCfg = Debug|Any CPU
		{28570EA7-B7FF-4E61-AA75-30BF741AEADC}.Debug|ARM64.Build.0 = Debug|Any CPU
		{28570EA7-B7FF-4E61-AA75-30BF741AEADC}.Debug|x64.ActiveCfg = Debug|Any CPU
		{28570EA7-B7FF-4E61-AA75-30BF741AEADC}.Debug|x64.Build.0 = Debug|Any CPU
		{28570EA7-B7FF-4E61-AA75-30BF741AEADC}.Debug|x86.ActiveCfg = Debug|Any CPU
		{28570EA7-B7FF-4E61-AA75-30BF741AEADC}.Debug|x86.Build.0 = Debug|Any CPU
		{28570EA7-B7FF-4E61-AA75-30BF741AEADC}.Release|Any CPU.ActiveCfg = Release|Any CPU
		{28570EA7-B7FF-4E61-AA75-30BF741AEADC}.Release|Any CPU.Build.0 = Release|Any CPU
		{28570EA7-B7FF-4E61-AA75-30BF741AEADC}.Release|ARM.ActiveCfg = Release|Any CPU
		{28570EA7-B7FF-4E61-AA75-30BF741AEADC}.Release|ARM.Build.0 = Release|Any CPU
		{28570EA7-B7FF-4E61-AA75-30BF741AEADC}.Release|ARM64.ActiveCfg = Release|Any CPU
		{28570EA7-B7FF-4E61-AA75-30BF741AEADC}.Release|ARM64.Build.0 = Release|Any CPU
		{28570EA7-B7FF-4E61-AA75-30BF741AEADC}.Release|x64.ActiveCfg = Release|Any CPU
		{28570EA7-B7FF-4E61-AA75-30BF741AEADC}.Release|x64.Build.0 = Release|Any CPU
		{28570EA7-B7FF-4E61-AA75-30BF741AEADC}.Release|x86.ActiveCfg = Release|Any CPU
		{28570EA7-B7FF-4E61-AA75-30BF741AEADC}.Release|x86.Build.0 = Release|Any CPU
		{28570EA7-B7FF-4E61-AA75-30BF741AEADC}.WebApiAndSpeechApp_NoDebug|Any CPU.ActiveCfg = Debug|Any CPU
		{28570EA7-B7FF-4E61-AA75-30BF741AEADC}.WebApiAndSpeechApp_NoDebug|Any CPU.Build.0 = Debug|Any CPU
		{28570EA7-B7FF-4E61-AA75-30BF741AEADC}.WebApiAndSpeechApp_NoDebug|ARM.ActiveCfg = Debug|Any CPU
		{28570EA7-B7FF-4E61-AA75-30BF741AEADC}.WebApiAndSpeechApp_NoDebug|ARM.Build.0 = Debug|Any CPU
		{28570EA7-B7FF-4E61-AA75-30BF741AEADC}.WebApiAndSpeechApp_NoDebug|ARM64.ActiveCfg = Debug|Any CPU
		{28570EA7-B7FF-4E61-AA75-30BF741AEADC}.WebApiAndSpeechApp_NoDebug|ARM64.Build.0 = Debug|Any CPU
		{28570EA7-B7FF-4E61-AA75-30BF741AEADC}.WebApiAndSpeechApp_NoDebug|x64.ActiveCfg = Debug|Any CPU
		{28570EA7-B7FF-4E61-AA75-30BF741AEADC}.WebApiAndSpeechApp_NoDebug|x64.Build.0 = Debug|Any CPU
		{28570EA7-B7FF-4E61-AA75-30BF741AEADC}.WebApiAndSpeechApp_NoDebug|x86.ActiveCfg = Debug|Any CPU
		{28570EA7-B7FF-4E61-AA75-30BF741AEADC}.WebApiAndSpeechApp_NoDebug|x86.Build.0 = Debug|Any CPU
		{186FC0F5-1B88-45C8-B398-048EF1635F15}.Debug|Any CPU.ActiveCfg = Debug|Any CPU
		{186FC0F5-1B88-45C8-B398-048EF1635F15}.Debug|Any CPU.Build.0 = Debug|Any CPU
		{186FC0F5-1B88-45C8-B398-048EF1635F15}.Debug|ARM.ActiveCfg = Debug|Any CPU
		{186FC0F5-1B88-45C8-B398-048EF1635F15}.Debug|ARM.Build.0 = Debug|Any CPU
		{186FC0F5-1B88-45C8-B398-048EF1635F15}.Debug|ARM64.ActiveCfg = Debug|Any CPU
		{186FC0F5-1B88-45C8-B398-048EF1635F15}.Debug|ARM64.Build.0 = Debug|Any CPU
		{186FC0F5-1B88-45C8-B398-048EF1635F15}.Debug|x64.ActiveCfg = Debug|Any CPU
		{186FC0F5-1B88-45C8-B398-048EF1635F15}.Debug|x64.Build.0 = Debug|Any CPU
		{186FC0F5-1B88-45C8-B398-048EF1635F15}.Debug|x86.ActiveCfg = Debug|Any CPU
		{186FC0F5-1B88-45C8-B398-048EF1635F15}.Debug|x86.Build.0 = Debug|Any CPU
		{186FC0F5-1B88-45C8-B398-048EF1635F15}.Release|Any CPU.ActiveCfg = Release|Any CPU
		{186FC0F5-1B88-45C8-B398-048EF1635F15}.Release|Any CPU.Build.0 = Release|Any CPU
		{186FC0F5-1B88-45C8-B398-048EF1635F15}.Release|ARM.ActiveCfg = Release|Any CPU
		{186FC0F5-1B88-45C8-B398-048EF1635F15}.Release|ARM.Build.0 = Release|Any CPU
		{186FC0F5-1B88-45C8-B398-048EF1635F15}.Release|ARM64.ActiveCfg = Release|Any CPU
		{186FC0F5-1B88-45C8-B398-048EF1635F15}.Release|ARM64.Build.0 = Release|Any CPU
		{186FC0F5-1B88-45C8-B398-048EF1635F15}.Release|x64.ActiveCfg = Release|Any CPU
		{186FC0F5-1B88-45C8-B398-048EF1635F15}.Release|x64.Build.0 = Release|Any CPU
		{186FC0F5-1B88-45C8-B398-048EF1635F15}.Release|x86.ActiveCfg = Release|Any CPU
		{186FC0F5-1B88-45C8-B398-048EF1635F15}.Release|x86.Build.0 = Release|Any CPU
		{186FC0F5-1B88-45C8-B398-048EF1635F15}.WebApiAndSpeechApp_NoDebug|Any CPU.ActiveCfg = Debug|Any CPU
		{186FC0F5-1B88-45C8-B398-048EF1635F15}.WebApiAndSpeechApp_NoDebug|Any CPU.Build.0 = Debug|Any CPU
		{186FC0F5-1B88-45C8-B398-048EF1635F15}.WebApiAndSpeechApp_NoDebug|ARM.ActiveCfg = Debug|Any CPU
		{186FC0F5-1B88-45C8-B398-048EF1635F15}.WebApiAndSpeechApp_NoDebug|ARM.Build.0 = Debug|Any CPU
		{186FC0F5-1B88-45C8-B398-048EF1635F15}.WebApiAndSpeechApp_NoDebug|ARM64.ActiveCfg = Debug|Any CPU
		{186FC0F5-1B88-45C8-B398-048EF1635F15}.WebApiAndSpeechApp_NoDebug|ARM64.Build.0 = Debug|Any CPU
		{186FC0F5-1B88-45C8-B398-048EF1635F15}.WebApiAndSpeechApp_NoDebug|x64.ActiveCfg = Debug|Any CPU
		{186FC0F5-1B88-45C8-B398-048EF1635F15}.WebApiAndSpeechApp_NoDebug|x64.Build.0 = Debug|Any CPU
		{186FC0F5-1B88-45C8-B398-048EF1635F15}.WebApiAndSpeechApp_NoDebug|x86.ActiveCfg = Debug|Any CPU
		{186FC0F5-1B88-45C8-B398-048EF1635F15}.WebApiAndSpeechApp_NoDebug|x86.Build.0 = Debug|Any CPU
	EndGlobalSection
	GlobalSection(SolutionProperties) = preSolution
		HideSolutionNode = FALSE
	EndGlobalSection
	GlobalSection(NestedProjects) = preSolution
		{283B54C8-9E9F-49EF-96B5-4458C327810B} = {A5E030F3-8663-4F6C-93A4-1969E0371FC2}
		{41A48FC8-ACE6-4693-9EE1-DC574AF56BAF} = {A5E030F3-8663-4F6C-93A4-1969E0371FC2}
		{A77FE6C9-20F4-4F72-8798-4F964B5A4711} = {A5E030F3-8663-4F6C-93A4-1969E0371FC2}
		{28570EA7-B7FF-4E61-AA75-30BF741AEADC} = {A5E030F3-8663-4F6C-93A4-1969E0371FC2}
	EndGlobalSection
	GlobalSection(ExtensibilityGlobals) = postSolution
		SolutionGuid = {895F55AF-4272-45E3-A198-223BA3F0A65F}
	EndGlobalSection
EndGlobal
